// !$*UTF8*$!
{
	archiveVersion = 1;
	classes = {
	};
	objectVersion = 46;
	objects = {

/* Begin PBXBuildFile section */
		033DDD7A17B921E8006BDCB2 /* Foundation.framework in Frameworks */ = {isa = PBXBuildFile; fileRef = 033DDD7917B921E8006BDCB2 /* Foundation.framework */; };
		033DDD7F17B921E8006BDCB2 /* AFOAuthSignInViewController.h in CopyFiles */ = {isa = PBXBuildFile; fileRef = 033DDD7E17B921E8006BDCB2 /* AFOAuthSignInViewController.h */; };
		033DDD8117B921E8006BDCB2 /* AFOAuthSignInViewController.m in Sources */ = {isa = PBXBuildFile; fileRef = 033DDD8017B921E8006BDCB2 /* AFOAuthSignInViewController.m */; };
		033DDD8817B921E8006BDCB2 /* XCTest.framework in Frameworks */ = {isa = PBXBuildFile; fileRef = 033DDD8717B921E8006BDCB2 /* XCTest.framework */; };
		033DDD8917B921E8006BDCB2 /* Foundation.framework in Frameworks */ = {isa = PBXBuildFile; fileRef = 033DDD7917B921E8006BDCB2 /* Foundation.framework */; };
		033DDD8B17B921E8006BDCB2 /* UIKit.framework in Frameworks */ = {isa = PBXBuildFile; fileRef = 033DDD8A17B921E8006BDCB2 /* UIKit.framework */; };
		033DDD8E17B921E8006BDCB2 /* libAFOAuthSignInViewController.a in Frameworks */ = {isa = PBXBuildFile; fileRef = 033DDD7617B921E8006BDCB2 /* libAFOAuthSignInViewController.a */; };
		033DDD9417B921E8006BDCB2 /* InfoPlist.strings in Resources */ = {isa = PBXBuildFile; fileRef = 033DDD9217B921E8006BDCB2 /* InfoPlist.strings */; };
		033DDD9617B921E9006BDCB2 /* AFOAuthSignInViewControllerTests.m in Sources */ = {isa = PBXBuildFile; fileRef = 033DDD9517B921E9006BDCB2 /* AFOAuthSignInViewControllerTests.m */; };
/* End PBXBuildFile section */

/* Begin PBXContainerItemProxy section */
		033DDD8C17B921E8006BDCB2 /* PBXContainerItemProxy */ = {
			isa = PBXContainerItemProxy;
			containerPortal = 033DDD6E17B921E8006BDCB2 /* Project object */;
			proxyType = 1;
			remoteGlobalIDString = 033DDD7517B921E8006BDCB2;
			remoteInfo = AFOAuthSignInViewController;
		};
/* End PBXContainerItemProxy section */

/* Begin PBXCopyFilesBuildPhase section */
		033DDD7417B921E8006BDCB2 /* CopyFiles */ = {
			isa = PBXCopyFilesBuildPhase;
			buildActionMask = 2147483647;
			dstPath = "include/$(PRODUCT_NAME)";
			dstSubfolderSpec = 16;
			files = (
				033DDD7F17B921E8006BDCB2 /* AFOAuthSignInViewController.h in CopyFiles */,
			);
			runOnlyForDeploymentPostprocessing = 0;
		};
/* End PBXCopyFilesBuildPhase section */

/* Begin PBXFileReference section */
		033DDD7617B921E8006BDCB2 /* libAFOAuthSignInViewController.a */ = {isa = PBXFileReference; explicitFileType = archive.ar; includeInIndex = 0; path = libAFOAuthSignInViewController.a; sourceTree = BUILT_PRODUCTS_DIR; };
		033DDD7917B921E8006BDCB2 /* Foundation.framework */ = {isa = PBXFileReference; lastKnownFileType = wrapper.framework; name = Foundation.framework; path = System/Library/Frameworks/Foundation.framework; sourceTree = SDKROOT; };
		033DDD7D17B921E8006BDCB2 /* AFOAuthSignInViewController-Prefix.pch */ = {isa = PBXFileReference; lastKnownFileType = sourcecode.c.h; path = "AFOAuthSignInViewController-Prefix.pch"; sourceTree = "<group>"; };
		033DDD7E17B921E8006BDCB2 /* AFOAuthSignInViewController.h */ = {isa = PBXFileReference; lastKnownFileType = sourcecode.c.h; path = AFOAuthSignInViewController.h; sourceTree = "<group>"; };
		033DDD8017B921E8006BDCB2 /* AFOAuthSignInViewController.m */ = {isa = PBXFileReference; lastKnownFileType = sourcecode.c.objc; path = AFOAuthSignInViewController.m; sourceTree = "<group>"; };
		033DDD8617B921E8006BDCB2 /* AFOAuthSignInViewControllerTests.xctest */ = {isa = PBXFileReference; explicitFileType = wrapper.cfbundle; includeInIndex = 0; path = AFOAuthSignInViewControllerTests.xctest; sourceTree = BUILT_PRODUCTS_DIR; };
		033DDD8717B921E8006BDCB2 /* XCTest.framework */ = {isa = PBXFileReference; lastKnownFileType = wrapper.framework; name = XCTest.framework; path = Library/Frameworks/XCTest.framework; sourceTree = DEVELOPER_DIR; };
		033DDD8A17B921E8006BDCB2 /* UIKit.framework */ = {isa = PBXFileReference; lastKnownFileType = wrapper.framework; name = UIKit.framework; path = Library/Frameworks/UIKit.framework; sourceTree = DEVELOPER_DIR; };
		033DDD9117B921E8006BDCB2 /* AFOAuthSignInViewControllerTests-Info.plist */ = {isa = PBXFileReference; lastKnownFileType = text.plist.xml; path = "AFOAuthSignInViewControllerTests-Info.plist"; sourceTree = "<group>"; };
		033DDD9317B921E8006BDCB2 /* en */ = {isa = PBXFileReference; lastKnownFileType = text.plist.strings; name = en; path = en.lproj/InfoPlist.strings; sourceTree = "<group>"; };
		033DDD9517B921E9006BDCB2 /* AFOAuthSignInViewControllerTests.m */ = {isa = PBXFileReference; lastKnownFileType = sourcecode.c.objc; path = AFOAuthSignInViewControllerTests.m; sourceTree = "<group>"; };
/* End PBXFileReference section */

/* Begin PBXFrameworksBuildPhase section */
		033DDD7317B921E8006BDCB2 /* Frameworks */ = {
			isa = PBXFrameworksBuildPhase;
			buildActionMask = 2147483647;
			files = (
				033DDD7A17B921E8006BDCB2 /* Foundation.framework in Frameworks */,
			);
			runOnlyForDeploymentPostprocessing = 0;
		};
		033DDD8317B921E8006BDCB2 /* Frameworks */ = {
			isa = PBXFrameworksBuildPhase;
			buildActionMask = 2147483647;
			files = (
				033DDD8817B921E8006BDCB2 /* XCTest.framework in Frameworks */,
				033DDD8B17B921E8006BDCB2 /* UIKit.framework in Frameworks */,
				033DDD8E17B921E8006BDCB2 /* libAFOAuthSignInViewController.a in Frameworks */,
				033DDD8917B921E8006BDCB2 /* Foundation.framework in Frameworks */,
			);
			runOnlyForDeploymentPostprocessing = 0;
		};
/* End PBXFrameworksBuildPhase section */

/* Begin PBXGroup section */
		033DDD6D17B921E8006BDCB2 = {
			isa = PBXGroup;
			children = (
				033DDD7B17B921E8006BDCB2 /* AFOAuthSignInViewController */,
				033DDD8F17B921E8006BDCB2 /* AFOAuthSignInViewControllerTests */,
				033DDD7817B921E8006BDCB2 /* Frameworks */,
				033DDD7717B921E8006BDCB2 /* Products */,
			);
			sourceTree = "<group>";
		};
		033DDD7717B921E8006BDCB2 /* Products */ = {
			isa = PBXGroup;
			children = (
				033DDD7617B921E8006BDCB2 /* libAFOAuthSignInViewController.a */,
				033DDD8617B921E8006BDCB2 /* AFOAuthSignInViewControllerTests.xctest */,
			);
			name = Products;
			sourceTree = "<group>";
		};
		033DDD7817B921E8006BDCB2 /* Frameworks */ = {
			isa = PBXGroup;
			children = (
				033DDD7917B921E8006BDCB2 /* Foundation.framework */,
				033DDD8717B921E8006BDCB2 /* XCTest.framework */,
				033DDD8A17B921E8006BDCB2 /* UIKit.framework */,
			);
			name = Frameworks;
			sourceTree = "<group>";
		};
		033DDD7B17B921E8006BDCB2 /* AFOAuthSignInViewController */ = {
			isa = PBXGroup;
			children = (
				033DDD7E17B921E8006BDCB2 /* AFOAuthSignInViewController.h */,
				033DDD8017B921E8006BDCB2 /* AFOAuthSignInViewController.m */,
				033DDD7C17B921E8006BDCB2 /* Supporting Files */,
			);
			path = AFOAuthSignInViewController;
			sourceTree = "<group>";
		};
		033DDD7C17B921E8006BDCB2 /* Supporting Files */ = {
			isa = PBXGroup;
			children = (
				033DDD7D17B921E8006BDCB2 /* AFOAuthSignInViewController-Prefix.pch */,
			);
			name = "Supporting Files";
			sourceTree = "<group>";
		};
		033DDD8F17B921E8006BDCB2 /* AFOAuthSignInViewControllerTests */ = {
			isa = PBXGroup;
			children = (
				033DDD9517B921E9006BDCB2 /* AFOAuthSignInViewControllerTests.m */,
				033DDD9017B921E8006BDCB2 /* Supporting Files */,
			);
			path = AFOAuthSignInViewControllerTests;
			sourceTree = "<group>";
		};
		033DDD9017B921E8006BDCB2 /* Supporting Files */ = {
			isa = PBXGroup;
			children = (
				033DDD9117B921E8006BDCB2 /* AFOAuthSignInViewControllerTests-Info.plist */,
				033DDD9217B921E8006BDCB2 /* InfoPlist.strings */,
			);
			name = "Supporting Files";
			sourceTree = "<group>";
		};
/* End PBXGroup section */

/* Begin PBXNativeTarget section */
		033DDD7517B921E8006BDCB2 /* AFOAuthSignInViewController */ = {
			isa = PBXNativeTarget;
			buildConfigurationList = 033DDD9917B921E9006BDCB2 /* Build configuration list for PBXNativeTarget "AFOAuthSignInViewController" */;
			buildPhases = (
				033DDD7217B921E8006BDCB2 /* Sources */,
				033DDD7317B921E8006BDCB2 /* Frameworks */,
				033DDD7417B921E8006BDCB2 /* CopyFiles */,
			);
			buildRules = (
			);
			dependencies = (
			);
			name = AFOAuthSignInViewController;
			productName = AFOAuthSignInViewController;
			productReference = 033DDD7617B921E8006BDCB2 /* libAFOAuthSignInViewController.a */;
			productType = "com.apple.product-type.library.static";
		};
		033DDD8517B921E8006BDCB2 /* AFOAuthSignInViewControllerTests */ = {
			isa = PBXNativeTarget;
			buildConfigurationList = 033DDD9C17B921E9006BDCB2 /* Build configuration list for PBXNativeTarget "AFOAuthSignInViewControllerTests" */;
			buildPhases = (
				033DDD8217B921E8006BDCB2 /* Sources */,
				033DDD8317B921E8006BDCB2 /* Frameworks */,
				033DDD8417B921E8006BDCB2 /* Resources */,
			);
			buildRules = (
			);
			dependencies = (
				033DDD8D17B921E8006BDCB2 /* PBXTargetDependency */,
			);
			name = AFOAuthSignInViewControllerTests;
			productName = AFOAuthSignInViewControllerTests;
			productReference = 033DDD8617B921E8006BDCB2 /* AFOAuthSignInViewControllerTests.xctest */;
			productType = "com.apple.product-type.bundle.unit-test";
		};
/* End PBXNativeTarget section */

/* Begin PBXProject section */
		033DDD6E17B921E8006BDCB2 /* Project object */ = {
			isa = PBXProject;
			attributes = {
				LastUpgradeCheck = 0500;
				ORGANIZATIONNAME = "Extremely Limited";
			};
			buildConfigurationList = 033DDD7117B921E8006BDCB2 /* Build configuration list for PBXProject "AFOAuthSignInViewController" */;
			compatibilityVersion = "Xcode 3.2";
			developmentRegion = English;
			hasScannedForEncodings = 0;
			knownRegions = (
				en,
			);
			mainGroup = 033DDD6D17B921E8006BDCB2;
			productRefGroup = 033DDD7717B921E8006BDCB2 /* Products */;
			projectDirPath = "";
			projectRoot = "";
			targets = (
				033DDD7517B921E8006BDCB2 /* AFOAuthSignInViewController */,
				033DDD8517B921E8006BDCB2 /* AFOAuthSignInViewControllerTests */,
			);
		};
/* End PBXProject section */

/* Begin PBXResourcesBuildPhase section */
		033DDD8417B921E8006BDCB2 /* Resources */ = {
			isa = PBXResourcesBuildPhase;
			buildActionMask = 2147483647;
			files = (
				033DDD9417B921E8006BDCB2 /* InfoPlist.strings in Resources */,
			);
			runOnlyForDeploymentPostprocessing = 0;
		};
/* End PBXResourcesBuildPhase section */

/* Begin PBXSourcesBuildPhase section */
		033DDD7217B921E8006BDCB2 /* Sources */ = {
			isa = PBXSourcesBuildPhase;
			buildActionMask = 2147483647;
			files = (
				033DDD8117B921E8006BDCB2 /* AFOAuthSignInViewController.m in Sources */,
			);
			runOnlyForDeploymentPostprocessing = 0;
		};
		033DDD8217B921E8006BDCB2 /* Sources */ = {
			isa = PBXSourcesBuildPhase;
			buildActionMask = 2147483647;
			files = (
				033DDD9617B921E9006BDCB2 /* AFOAuthSignInViewControllerTests.m in Sources */,
			);
			runOnlyForDeploymentPostprocessing = 0;
		};
/* End PBXSourcesBuildPhase section */

/* Begin PBXTargetDependency section */
		033DDD8D17B921E8006BDCB2 /* PBXTargetDependency */ = {
			isa = PBXTargetDependency;
			target = 033DDD7517B921E8006BDCB2 /* AFOAuthSignInViewController */;
			targetProxy = 033DDD8C17B921E8006BDCB2 /* PBXContainerItemProxy */;
		};
/* End PBXTargetDependency section */

/* Begin PBXVariantGroup section */
		033DDD9217B921E8006BDCB2 /* InfoPlist.strings */ = {
			isa = PBXVariantGroup;
			children = (
				033DDD9317B921E8006BDCB2 /* en */,
			);
			name = InfoPlist.strings;
			sourceTree = "<group>";
		};
/* End PBXVariantGroup section */

/* Begin XCBuildConfiguration section */
		033DDD9717B921E9006BDCB2 /* Debug */ = {
			isa = XCBuildConfiguration;
			buildSettings = {
				ALWAYS_SEARCH_USER_PATHS = NO;
				CLANG_CXX_LANGUAGE_STANDARD = "gnu++0x";
				CLANG_CXX_LIBRARY = "libc++";
				CLANG_ENABLE_MODULES = YES;
				CLANG_ENABLE_OBJC_ARC = YES;
				CLANG_WARN_BOOL_CONVERSION = YES;
				CLANG_WARN_CONSTANT_CONVERSION = YES;
				CLANG_WARN_DIRECT_OBJC_ISA_USAGE = YES_ERROR;
				CLANG_WARN_EMPTY_BODY = YES;
				CLANG_WARN_ENUM_CONVERSION = YES;
				CLANG_WARN_INT_CONVERSION = YES;
				CLANG_WARN_OBJC_ROOT_CLASS = YES_ERROR;
				CLANG_WARN__DUPLICATE_METHOD_MATCH = YES;
				COPY_PHASE_STRIP = NO;
				GCC_C_LANGUAGE_STANDARD = gnu99;
				GCC_DYNAMIC_NO_PIC = NO;
				GCC_OPTIMIZATION_LEVEL = 0;
				GCC_PREPROCESSOR_DEFINITIONS = (
					"DEBUG=1",
					"$(inherited)",
				);
				GCC_SYMBOLS_PRIVATE_EXTERN = NO;
				GCC_WARN_ABOUT_RETURN_TYPE = YES_ERROR;
				GCC_WARN_UNDECLARED_SELECTOR = YES;
				GCC_WARN_UNINITIALIZED_AUTOS = YES;
				GCC_WARN_UNUSED_FUNCTION = YES;
				GCC_WARN_UNUSED_VARIABLE = YES;
				IPHONEOS_DEPLOYMENT_TARGET = 7.0;
				ONLY_ACTIVE_ARCH = YES;
				SDKROOT = iphoneos;
			};
			name = Debug;
		};
		033DDD9817B921E9006BDCB2 /* Release */ = {
			isa = XCBuildConfiguration;
			buildSettings = {
				ALWAYS_SEARCH_USER_PATHS = NO;
				CLANG_CXX_LANGUAGE_STANDARD = "gnu++0x";
				CLANG_CXX_LIBRARY = "libc++";
				CLANG_ENABLE_MODULES = YES;
				CLANG_ENABLE_OBJC_ARC = YES;
				CLANG_WARN_BOOL_CONVERSION = YES;
				CLANG_WARN_CONSTANT_CONVERSION = YES;
				CLANG_WARN_DIRECT_OBJC_ISA_USAGE = YES_ERROR;
				CLANG_WARN_EMPTY_BODY = YES;
				CLANG_WARN_ENUM_CONVERSION = YES;
				CLANG_WARN_INT_CONVERSION = YES;
				CLANG_WARN_OBJC_ROOT_CLASS = YES_ERROR;
				CLANG_WARN__DUPLICATE_METHOD_MATCH = YES;
				COPY_PHASE_STRIP = YES;
				ENABLE_NS_ASSERTIONS = NO;
				GCC_C_LANGUAGE_STANDARD = gnu99;
				GCC_WARN_ABOUT_RETURN_TYPE = YES_ERROR;
				GCC_WARN_UNDECLARED_SELECTOR = YES;
				GCC_WARN_UNINITIALIZED_AUTOS = YES;
				GCC_WARN_UNUSED_FUNCTION = YES;
				GCC_WARN_UNUSED_VARIABLE = YES;
				IPHONEOS_DEPLOYMENT_TARGET = 7.0;
				SDKROOT = iphoneos;
				VALIDATE_PRODUCT = YES;
			};
			name = Release;
		};
		033DDD9A17B921E9006BDCB2 /* Debug */ = {
			isa = XCBuildConfiguration;
			buildSettings = {
				DSTROOT = /tmp/AFOAuthSignInViewController.dst;
				GCC_PRECOMPILE_PREFIX_HEADER = YES;
				GCC_PREFIX_HEADER = "AFOAuthSignInViewController/AFOAuthSignInViewController-Prefix.pch";
				OTHER_LDFLAGS = "-ObjC";
				PRODUCT_NAME = "$(TARGET_NAME)";
				SKIP_INSTALL = YES;
			};
			name = Debug;
		};
		033DDD9B17B921E9006BDCB2 /* Release */ = {
			isa = XCBuildConfiguration;
			buildSettings = {
				DSTROOT = /tmp/AFOAuthSignInViewController.dst;
				GCC_PRECOMPILE_PREFIX_HEADER = YES;
				GCC_PREFIX_HEADER = "AFOAuthSignInViewController/AFOAuthSignInViewController-Prefix.pch";
				OTHER_LDFLAGS = "-ObjC";
				PRODUCT_NAME = "$(TARGET_NAME)";
				SKIP_INSTALL = YES;
			};
			name = Release;
		};
		033DDD9D17B921E9006BDCB2 /* Debug */ = {
			isa = XCBuildConfiguration;
			buildSettings = {
				FRAMEWORK_SEARCH_PATHS = (
					"$(SDKROOT)/Developer/Library/Frameworks",
					"$(inherited)",
					"$(DEVELOPER_FRAMEWORKS_DIR)",
				);
				GCC_PRECOMPILE_PREFIX_HEADER = YES;
				GCC_PREFIX_HEADER = "AFOAuthSignInViewController/AFOAuthSignInViewController-Prefix.pch";
				GCC_PREPROCESSOR_DEFINITIONS = (
					"DEBUG=1",
					"$(inherited)",
				);
				INFOPLIST_FILE = "AFOAuthSignInViewControllerTests/AFOAuthSignInViewControllerTests-Info.plist";
				PRODUCT_NAME = "$(TARGET_NAME)";
				WRAPPER_EXTENSION = xctest;
			};
			name = Debug;
		};
		033DDD9E17B921E9006BDCB2 /* Release */ = {
			isa = XCBuildConfiguration;
			buildSettings = {
				FRAMEWORK_SEARCH_PATHS = (
					"$(SDKROOT)/Developer/Library/Frameworks",
					"$(inherited)",
					"$(DEVELOPER_FRAMEWORKS_DIR)",
				);
				GCC_PRECOMPILE_PREFIX_HEADER = YES;
				GCC_PREFIX_HEADER = "AFOAuthSignInViewController/AFOAuthSignInViewController-Prefix.pch";
				INFOPLIST_FILE = "AFOAuthSignInViewControllerTests/AFOAuthSignInViewControllerTests-Info.plist";
				PRODUCT_NAME = "$(TARGET_NAME)";
				WRAPPER_EXTENSION = xctest;
			};
			name = Release;
		};
/* End XCBuildConfiguration section */

/* Begin XCConfigurationList section */
		033DDD7117B921E8006BDCB2 /* Build configuration list for PBXProject "AFOAuthSignInViewController" */ = {
			isa = XCConfigurationList;
			buildConfigurations = (
				033DDD9717B921E9006BDCB2 /* Debug */,
				033DDD9817B921E9006BDCB2 /* Release */,
			);
			defaultConfigurationIsVisible = 0;
			defaultConfigurationName = Release;
		};
		033DDD9917B921E9006BDCB2 /* Build configuration list for PBXNativeTarget "AFOAuthSignInViewController" */ = {
			isa = XCConfigurationList;
			buildConfigurations = (
				033DDD9A17B921E9006BDCB2 /* Debug */,
				033DDD9B17B921E9006BDCB2 /* Release */,
			);
			defaultConfigurationIsVisible = 0;
		};
		033DDD9C17B921E9006BDCB2 /* Build configuration list for PBXNativeTarget "AFOAuthSignInViewControllerTests" */ = {
			isa = XCConfigurationList;
			buildConfigurations = (
				033DDD9D17B921E9006BDCB2 /* Debug */,
				033DDD9E17B921E9006BDCB2 /* Release */,
			);
			defaultConfigurationIsVisible = 0;
		};
/* End XCConfigurationList section */
	};
	rootObject = 033DDD6E17B921E8006BDCB2 /* Project object */;
}
